
Microsoft Visual Studio Solution File, Format Version 12.00
# Visual Studio 15
VisualStudioVersion = 15.0.27130.2010
MinimumVisualStudioVersion = 10.0.40219.1
Project("{FAE04EC0-301F-11D3-BF4B-00C04F79EFBC}") = "OliviaDemoASPNETAjax2", "OliviaDemoASPNETAjax2\OliviaDemoASPNETAjax2.csproj", "{B3276EF2-E565-46D7-98B4-DC32CE7D54B7}"
EndProject
Global
	GlobalSection(SolutionConfigurationPlatforms) = preSolution
		Debug|Any CPU = Debug|Any CPU
		Release|Any CPU = Release|Any CPU
	EndGlobalSection
	GlobalSection(ProjectConfigurationPlatforms) = postSolution
		{B3276EF2-E565-46D7-98B4-DC32CE7D54B7}.Debug|Any CPU.ActiveCfg = Debug|Any CPU
		{B3276EF2-E565-46D7-98B4-DC32CE7D54B7}.Debug|Any CPU.Build.0 = Debug|Any CPU
		{B3276EF2-E565-46D7-98B4-DC32CE7D54B7}.Release|Any CPU.ActiveCfg = Release|Any CPU
		{B3276EF2-E565-46D7-98B4-DC32CE7D54B7}.Release|Any CPU.Build.0 = Release|Any CPU
	EndGlobalSection
	GlobalSection(SolutionProperties) = preSolution
		HideSolutionNode = FALSE
	EndGlobalSection
	GlobalSection(ExtensibilityGlobals) = postSolution
		SolutionGuid = {F1DFAE79-B256-4430-9FB5-15AAF3AED3A0}
	EndGlobalSection
EndGlobal
