
Microsoft Visual Studio Solution File, Format Version 12.00
# Visual Studio 15
VisualStudioVersion = 15.0.26730.10
MinimumVisualStudioVersion = 10.0.40219.1
Project("{FAE04EC0-301F-11D3-BF4B-00C04F79EFBC}") = "Modul2_Metoder_MaxMedelVärde", "Modul2_Metoder_MaxMedelVärde\Modul2_Metoder_MaxMedelVärde.csproj", "{D2B54F78-8D0F-4622-B54E-2C5A7C26E532}"
EndProject
Global
	GlobalSection(SolutionConfigurationPlatforms) = preSolution
		Debug|Any CPU = Debug|Any CPU
		Release|Any CPU = Release|Any CPU
	EndGlobalSection
	GlobalSection(ProjectConfigurationPlatforms) = postSolution
		{D2B54F78-8D0F-4622-B54E-2C5A7C26E532}.Debug|Any CPU.ActiveCfg = Debug|Any CPU
		{D2B54F78-8D0F-4622-B54E-2C5A7C26E532}.Debug|Any CPU.Build.0 = Debug|Any CPU
		{D2B54F78-8D0F-4622-B54E-2C5A7C26E532}.Release|Any CPU.ActiveCfg = Release|Any CPU
		{D2B54F78-8D0F-4622-B54E-2C5A7C26E532}.Release|Any CPU.Build.0 = Release|Any CPU
	EndGlobalSection
	GlobalSection(SolutionProperties) = preSolution
		HideSolutionNode = FALSE
	EndGlobalSection
	GlobalSection(ExtensibilityGlobals) = postSolution
		SolutionGuid = {239EA24B-B0A0-464A-B2D5-754FC58ABEAD}
	EndGlobalSection
EndGlobal
