
Microsoft Visual Studio Solution File, Format Version 12.00
# Visual Studio 15
VisualStudioVersion = 15.0.28010.2003
MinimumVisualStudioVersion = 10.0.40219.1
Project("{FAE04EC0-301F-11D3-BF4B-00C04F79EFBC}") = "uppg3HttpClient", "uppg3HttpClient\uppg3HttpClient.csproj", "{28CB8A6A-8C25-40AC-9486-224A1FE564BA}"
EndProject
Global
	GlobalSection(SolutionConfigurationPlatforms) = preSolution
		Debug|Any CPU = Debug|Any CPU
		Release|Any CPU = Release|Any CPU
	EndGlobalSection
	GlobalSection(ProjectConfigurationPlatforms) = postSolution
		{28CB8A6A-8C25-40AC-9486-224A1FE564BA}.Debug|Any CPU.ActiveCfg = Debug|Any CPU
		{28CB8A6A-8C25-40AC-9486-224A1FE564BA}.Debug|Any CPU.Build.0 = Debug|Any CPU
		{28CB8A6A-8C25-40AC-9486-224A1FE564BA}.Release|Any CPU.ActiveCfg = Release|Any CPU
		{28CB8A6A-8C25-40AC-9486-224A1FE564BA}.Release|Any CPU.Build.0 = Release|Any CPU
	EndGlobalSection
	GlobalSection(SolutionProperties) = preSolution
		HideSolutionNode = FALSE
	EndGlobalSection
	GlobalSection(ExtensibilityGlobals) = postSolution
		SolutionGuid = {C4893525-6AA9-4B20-8D29-D9E45D78820F}
	EndGlobalSection
EndGlobal
