
Microsoft Visual Studio Solution File, Format Version 12.00
# Visual Studio 15
VisualStudioVersion = 15.0.27130.2026
MinimumVisualStudioVersion = 10.0.40219.1
Project("{FAE04EC0-301F-11D3-BF4B-00C04F79EFBC}") = "TomasosPizzeria", "TomasosPizzeria\TomasosPizzeria.csproj", "{19AAD4E4-C708-45B4-AC10-FE9BFDA8C364}"
EndProject
Global
	GlobalSection(SolutionConfigurationPlatforms) = preSolution
		Debug|Any CPU = Debug|Any CPU
		Release|Any CPU = Release|Any CPU
	EndGlobalSection
	GlobalSection(ProjectConfigurationPlatforms) = postSolution
		{19AAD4E4-C708-45B4-AC10-FE9BFDA8C364}.Debug|Any CPU.ActiveCfg = Debug|Any CPU
		{19AAD4E4-C708-45B4-AC10-FE9BFDA8C364}.Debug|Any CPU.Build.0 = Debug|Any CPU
		{19AAD4E4-C708-45B4-AC10-FE9BFDA8C364}.Release|Any CPU.ActiveCfg = Release|Any CPU
		{19AAD4E4-C708-45B4-AC10-FE9BFDA8C364}.Release|Any CPU.Build.0 = Release|Any CPU
	EndGlobalSection
	GlobalSection(SolutionProperties) = preSolution
		HideSolutionNode = FALSE
	EndGlobalSection
	GlobalSection(ExtensibilityGlobals) = postSolution
		SolutionGuid = {012F6557-4A0D-4A55-8D74-5C814BC46551}
	EndGlobalSection
EndGlobal
