
Microsoft Visual Studio Solution File, Format Version 12.00
# Visual Studio 15
VisualStudioVersion = 15.0.28010.2003
MinimumVisualStudioVersion = 10.0.40219.1
Project("{FAE04EC0-301F-11D3-BF4B-00C04F79EFBC}") = "OliviaDemoOauth", "OliviaDemoOauth\OliviaDemoOauth.csproj", "{8EE26634-3E00-42F8-B2D8-B371A76B7B5C}"
EndProject
Global
	GlobalSection(SolutionConfigurationPlatforms) = preSolution
		Debug|Any CPU = Debug|Any CPU
		Release|Any CPU = Release|Any CPU
	EndGlobalSection
	GlobalSection(ProjectConfigurationPlatforms) = postSolution
		{8EE26634-3E00-42F8-B2D8-B371A76B7B5C}.Debug|Any CPU.ActiveCfg = Debug|Any CPU
		{8EE26634-3E00-42F8-B2D8-B371A76B7B5C}.Debug|Any CPU.Build.0 = Debug|Any CPU
		{8EE26634-3E00-42F8-B2D8-B371A76B7B5C}.Release|Any CPU.ActiveCfg = Release|Any CPU
		{8EE26634-3E00-42F8-B2D8-B371A76B7B5C}.Release|Any CPU.Build.0 = Release|Any CPU
	EndGlobalSection
	GlobalSection(SolutionProperties) = preSolution
		HideSolutionNode = FALSE
	EndGlobalSection
	GlobalSection(ExtensibilityGlobals) = postSolution
		SolutionGuid = {06F8D9A6-3618-4795-8563-71650EE5E36C}
	EndGlobalSection
EndGlobal
