
Microsoft Visual Studio Solution File, Format Version 12.00
# Visual Studio 15
VisualStudioVersion = 15.0.26730.10
MinimumVisualStudioVersion = 10.0.40219.1
Project("{FAE04EC0-301F-11D3-BF4B-00C04F79EFBC}") = "Modul1_Metoder_TidDemo", "Modul1_Metoder_TidDemo\Modul1_Metoder_TidDemo.csproj", "{89F0DF86-377B-4419-819B-C2B2A0A01774}"
EndProject
Global
	GlobalSection(SolutionConfigurationPlatforms) = preSolution
		Debug|Any CPU = Debug|Any CPU
		Release|Any CPU = Release|Any CPU
	EndGlobalSection
	GlobalSection(ProjectConfigurationPlatforms) = postSolution
		{89F0DF86-377B-4419-819B-C2B2A0A01774}.Debug|Any CPU.ActiveCfg = Debug|Any CPU
		{89F0DF86-377B-4419-819B-C2B2A0A01774}.Debug|Any CPU.Build.0 = Debug|Any CPU
		{89F0DF86-377B-4419-819B-C2B2A0A01774}.Release|Any CPU.ActiveCfg = Release|Any CPU
		{89F0DF86-377B-4419-819B-C2B2A0A01774}.Release|Any CPU.Build.0 = Release|Any CPU
	EndGlobalSection
	GlobalSection(SolutionProperties) = preSolution
		HideSolutionNode = FALSE
	EndGlobalSection
	GlobalSection(ExtensibilityGlobals) = postSolution
		SolutionGuid = {7BDD8C7D-60D9-49B8-AA9B-942F2117A141}
	EndGlobalSection
EndGlobal
