
Microsoft Visual Studio Solution File, Format Version 12.00
# Visual Studio 15
VisualStudioVersion = 15.0.26730.10
MinimumVisualStudioVersion = 10.0.40219.1
Project("{FAE04EC0-301F-11D3-BF4B-00C04F79EFBC}") = "LINQ", "LINQ\LINQ.csproj", "{1AF3FA41-27F5-4B1C-8964-C47D4B16A251}"
EndProject
Global
	GlobalSection(SolutionConfigurationPlatforms) = preSolution
		Debug|Any CPU = Debug|Any CPU
		Release|Any CPU = Release|Any CPU
	EndGlobalSection
	GlobalSection(ProjectConfigurationPlatforms) = postSolution
		{1AF3FA41-27F5-4B1C-8964-C47D4B16A251}.Debug|Any CPU.ActiveCfg = Debug|Any CPU
		{1AF3FA41-27F5-4B1C-8964-C47D4B16A251}.Debug|Any CPU.Build.0 = Debug|Any CPU
		{1AF3FA41-27F5-4B1C-8964-C47D4B16A251}.Release|Any CPU.ActiveCfg = Release|Any CPU
		{1AF3FA41-27F5-4B1C-8964-C47D4B16A251}.Release|Any CPU.Build.0 = Release|Any CPU
	EndGlobalSection
	GlobalSection(SolutionProperties) = preSolution
		HideSolutionNode = FALSE
	EndGlobalSection
	GlobalSection(ExtensibilityGlobals) = postSolution
		SolutionGuid = {8F2F2839-B684-4A1E-9CFC-C1927B8CE0B8}
	EndGlobalSection
EndGlobal
