
Microsoft Visual Studio Solution File, Format Version 12.00
# Visual Studio 15
VisualStudioVersion = 15.0.26730.10
MinimumVisualStudioVersion = 10.0.40219.1
Project("{FAE04EC0-301F-11D3-BF4B-00C04F79EFBC}") = "Tentamen_Klubb", "Tentamen_Klubb\Tentamen_Klubb.csproj", "{DFC5FA77-B424-42E0-AACE-81DF8288EE2E}"
EndProject
Global
	GlobalSection(SolutionConfigurationPlatforms) = preSolution
		Debug|Any CPU = Debug|Any CPU
		Release|Any CPU = Release|Any CPU
	EndGlobalSection
	GlobalSection(ProjectConfigurationPlatforms) = postSolution
		{DFC5FA77-B424-42E0-AACE-81DF8288EE2E}.Debug|Any CPU.ActiveCfg = Debug|Any CPU
		{DFC5FA77-B424-42E0-AACE-81DF8288EE2E}.Debug|Any CPU.Build.0 = Debug|Any CPU
		{DFC5FA77-B424-42E0-AACE-81DF8288EE2E}.Release|Any CPU.ActiveCfg = Release|Any CPU
		{DFC5FA77-B424-42E0-AACE-81DF8288EE2E}.Release|Any CPU.Build.0 = Release|Any CPU
	EndGlobalSection
	GlobalSection(SolutionProperties) = preSolution
		HideSolutionNode = FALSE
	EndGlobalSection
	GlobalSection(ExtensibilityGlobals) = postSolution
		SolutionGuid = {049271E7-F830-4840-A61A-1503391B5877}
	EndGlobalSection
EndGlobal
