
Microsoft Visual Studio Solution File, Format Version 12.00
# Visual Studio 15
VisualStudioVersion = 15.0.26730.10
MinimumVisualStudioVersion = 10.0.40219.1
Project("{FAE04EC0-301F-11D3-BF4B-00C04F79EFBC}") = "Tenta1_Uppgift2", "Tenta1_Uppgift2\Tenta1_Uppgift2.csproj", "{DCA29173-A670-4FCE-A29E-0D235BF9E10B}"
EndProject
Global
	GlobalSection(SolutionConfigurationPlatforms) = preSolution
		Debug|Any CPU = Debug|Any CPU
		Release|Any CPU = Release|Any CPU
	EndGlobalSection
	GlobalSection(ProjectConfigurationPlatforms) = postSolution
		{DCA29173-A670-4FCE-A29E-0D235BF9E10B}.Debug|Any CPU.ActiveCfg = Debug|Any CPU
		{DCA29173-A670-4FCE-A29E-0D235BF9E10B}.Debug|Any CPU.Build.0 = Debug|Any CPU
		{DCA29173-A670-4FCE-A29E-0D235BF9E10B}.Release|Any CPU.ActiveCfg = Release|Any CPU
		{DCA29173-A670-4FCE-A29E-0D235BF9E10B}.Release|Any CPU.Build.0 = Release|Any CPU
	EndGlobalSection
	GlobalSection(SolutionProperties) = preSolution
		HideSolutionNode = FALSE
	EndGlobalSection
	GlobalSection(ExtensibilityGlobals) = postSolution
		SolutionGuid = {667DA1DB-9EDE-455C-9BC5-9BB7E8E159B4}
	EndGlobalSection
EndGlobal
