
Microsoft Visual Studio Solution File, Format Version 12.00
# Visual Studio 15
VisualStudioVersion = 15.0.27130.2010
MinimumVisualStudioVersion = 10.0.40219.1
Project("{FAE04EC0-301F-11D3-BF4B-00C04F79EFBC}") = "OliviaDemoASPNETCookies", "OliviaDemoASPNETCookies\OliviaDemoASPNETCookies.csproj", "{1902E127-021F-4926-B3D8-622D4EC1DCA4}"
EndProject
Global
	GlobalSection(SolutionConfigurationPlatforms) = preSolution
		Debug|Any CPU = Debug|Any CPU
		Release|Any CPU = Release|Any CPU
	EndGlobalSection
	GlobalSection(ProjectConfigurationPlatforms) = postSolution
		{1902E127-021F-4926-B3D8-622D4EC1DCA4}.Debug|Any CPU.ActiveCfg = Debug|Any CPU
		{1902E127-021F-4926-B3D8-622D4EC1DCA4}.Debug|Any CPU.Build.0 = Debug|Any CPU
		{1902E127-021F-4926-B3D8-622D4EC1DCA4}.Release|Any CPU.ActiveCfg = Release|Any CPU
		{1902E127-021F-4926-B3D8-622D4EC1DCA4}.Release|Any CPU.Build.0 = Release|Any CPU
	EndGlobalSection
	GlobalSection(SolutionProperties) = preSolution
		HideSolutionNode = FALSE
	EndGlobalSection
	GlobalSection(ExtensibilityGlobals) = postSolution
		SolutionGuid = {E1A7055B-06E0-4160-9A2E-7EC816D0B5B4}
	EndGlobalSection
EndGlobal
