
Microsoft Visual Studio Solution File, Format Version 12.00
# Visual Studio 15
VisualStudioVersion = 15.0.26730.10
MinimumVisualStudioVersion = 10.0.40219.1
Project("{FAE04EC0-301F-11D3-BF4B-00C04F79EFBC}") = "Modul2_Metoder_AntalOrd", "Modul2_Metoder_AntalOrd\Modul2_Metoder_AntalOrd.csproj", "{1E22D799-34E2-45DF-8F6D-D409D133D638}"
EndProject
Global
	GlobalSection(SolutionConfigurationPlatforms) = preSolution
		Debug|Any CPU = Debug|Any CPU
		Release|Any CPU = Release|Any CPU
	EndGlobalSection
	GlobalSection(ProjectConfigurationPlatforms) = postSolution
		{1E22D799-34E2-45DF-8F6D-D409D133D638}.Debug|Any CPU.ActiveCfg = Debug|Any CPU
		{1E22D799-34E2-45DF-8F6D-D409D133D638}.Debug|Any CPU.Build.0 = Debug|Any CPU
		{1E22D799-34E2-45DF-8F6D-D409D133D638}.Release|Any CPU.ActiveCfg = Release|Any CPU
		{1E22D799-34E2-45DF-8F6D-D409D133D638}.Release|Any CPU.Build.0 = Release|Any CPU
	EndGlobalSection
	GlobalSection(SolutionProperties) = preSolution
		HideSolutionNode = FALSE
	EndGlobalSection
	GlobalSection(ExtensibilityGlobals) = postSolution
		SolutionGuid = {D80DFEC2-7B64-4FC2-A93F-42BBDF1287A2}
	EndGlobalSection
EndGlobal
