
Microsoft Visual Studio Solution File, Format Version 9.00
# Visual C# Express 2005
Project("{FAE04EC0-301F-11D3-BF4B-00C04F79EFBC}") = "Tjugoett2", "Tjugoett2\Tjugoett2.csproj", "{4FF8B67E-35DA-4A61-95AA-42AD3FBAA097}"
EndProject
Global
	GlobalSection(SolutionConfigurationPlatforms) = preSolution
		Debug|Any CPU = Debug|Any CPU
		Release|Any CPU = Release|Any CPU
	EndGlobalSection
	GlobalSection(ProjectConfigurationPlatforms) = postSolution
		{4FF8B67E-35DA-4A61-95AA-42AD3FBAA097}.Debug|Any CPU.ActiveCfg = Debug|Any CPU
		{4FF8B67E-35DA-4A61-95AA-42AD3FBAA097}.Debug|Any CPU.Build.0 = Debug|Any CPU
		{4FF8B67E-35DA-4A61-95AA-42AD3FBAA097}.Release|Any CPU.ActiveCfg = Release|Any CPU
		{4FF8B67E-35DA-4A61-95AA-42AD3FBAA097}.Release|Any CPU.Build.0 = Release|Any CPU
	EndGlobalSection
	GlobalSection(SolutionProperties) = preSolution
		HideSolutionNode = FALSE
	EndGlobalSection
EndGlobal
