
Microsoft Visual Studio Solution File, Format Version 12.00
# Visual Studio 15
VisualStudioVersion = 15.0.27130.2010
MinimumVisualStudioVersion = 10.0.40219.1
Project("{FAE04EC0-301F-11D3-BF4B-00C04F79EFBC}") = "OliviaDemoASPNETModels", "OliviaDemoASPNETModels\OliviaDemoASPNETModels.csproj", "{EC948CD7-5F62-4B53-968A-7CF57459C266}"
EndProject
Global
	GlobalSection(SolutionConfigurationPlatforms) = preSolution
		Debug|Any CPU = Debug|Any CPU
		Release|Any CPU = Release|Any CPU
	EndGlobalSection
	GlobalSection(ProjectConfigurationPlatforms) = postSolution
		{EC948CD7-5F62-4B53-968A-7CF57459C266}.Debug|Any CPU.ActiveCfg = Debug|Any CPU
		{EC948CD7-5F62-4B53-968A-7CF57459C266}.Debug|Any CPU.Build.0 = Debug|Any CPU
		{EC948CD7-5F62-4B53-968A-7CF57459C266}.Release|Any CPU.ActiveCfg = Release|Any CPU
		{EC948CD7-5F62-4B53-968A-7CF57459C266}.Release|Any CPU.Build.0 = Release|Any CPU
	EndGlobalSection
	GlobalSection(SolutionProperties) = preSolution
		HideSolutionNode = FALSE
	EndGlobalSection
	GlobalSection(ExtensibilityGlobals) = postSolution
		SolutionGuid = {415BF471-51DE-4E13-B3E1-8FF8D351FF7E}
	EndGlobalSection
EndGlobal
