
Microsoft Visual Studio Solution File, Format Version 12.00
# Visual Studio 15
VisualStudioVersion = 15.0.28010.2003
MinimumVisualStudioVersion = 10.0.40219.1
Project("{FAE04EC0-301F-11D3-BF4B-00C04F79EFBC}") = "uppg4WebApiJOchSON", "uppg4WebApiJOchSON\uppg4WebApiJOchSON.csproj", "{1311BBA6-5EDB-4976-90F2-5A1AE9BA3139}"
EndProject
Global
	GlobalSection(SolutionConfigurationPlatforms) = preSolution
		Debug|Any CPU = Debug|Any CPU
		Release|Any CPU = Release|Any CPU
	EndGlobalSection
	GlobalSection(ProjectConfigurationPlatforms) = postSolution
		{1311BBA6-5EDB-4976-90F2-5A1AE9BA3139}.Debug|Any CPU.ActiveCfg = Debug|Any CPU
		{1311BBA6-5EDB-4976-90F2-5A1AE9BA3139}.Debug|Any CPU.Build.0 = Debug|Any CPU
		{1311BBA6-5EDB-4976-90F2-5A1AE9BA3139}.Release|Any CPU.ActiveCfg = Release|Any CPU
		{1311BBA6-5EDB-4976-90F2-5A1AE9BA3139}.Release|Any CPU.Build.0 = Release|Any CPU
	EndGlobalSection
	GlobalSection(SolutionProperties) = preSolution
		HideSolutionNode = FALSE
	EndGlobalSection
	GlobalSection(ExtensibilityGlobals) = postSolution
		SolutionGuid = {047A8B43-D3F7-4D28-9313-16B75297D994}
	EndGlobalSection
EndGlobal
