
Microsoft Visual Studio Solution File, Format Version 12.00
# Visual Studio 15
VisualStudioVersion = 15.0.26730.10
MinimumVisualStudioVersion = 10.0.40219.1
Project("{FAE04EC0-301F-11D3-BF4B-00C04F79EFBC}") = "Euler_SmallestMultiple", "Euler_SmallestMultiple\Euler_SmallestMultiple.csproj", "{35D9CBD7-A9D1-4004-8A65-FE1BA0659347}"
EndProject
Global
	GlobalSection(SolutionConfigurationPlatforms) = preSolution
		Debug|Any CPU = Debug|Any CPU
		Release|Any CPU = Release|Any CPU
	EndGlobalSection
	GlobalSection(ProjectConfigurationPlatforms) = postSolution
		{35D9CBD7-A9D1-4004-8A65-FE1BA0659347}.Debug|Any CPU.ActiveCfg = Debug|Any CPU
		{35D9CBD7-A9D1-4004-8A65-FE1BA0659347}.Debug|Any CPU.Build.0 = Debug|Any CPU
		{35D9CBD7-A9D1-4004-8A65-FE1BA0659347}.Release|Any CPU.ActiveCfg = Release|Any CPU
		{35D9CBD7-A9D1-4004-8A65-FE1BA0659347}.Release|Any CPU.Build.0 = Release|Any CPU
	EndGlobalSection
	GlobalSection(SolutionProperties) = preSolution
		HideSolutionNode = FALSE
	EndGlobalSection
	GlobalSection(ExtensibilityGlobals) = postSolution
		SolutionGuid = {FFBB7700-108D-4625-850C-1C52D740AA78}
	EndGlobalSection
EndGlobal
