
Microsoft Visual Studio Solution File, Format Version 9.00
# Visual C# Express 2005
Project("{FAE04EC0-301F-11D3-BF4B-00C04F79EFBC}") = "Ex9-3", "Ex9-3\Ex9-3.csproj", "{B5B86443-47AE-4C92-9BAD-4D6EA5688217}"
EndProject
Global
	GlobalSection(SolutionConfigurationPlatforms) = preSolution
		Debug|Any CPU = Debug|Any CPU
		Release|Any CPU = Release|Any CPU
	EndGlobalSection
	GlobalSection(ProjectConfigurationPlatforms) = postSolution
		{B5B86443-47AE-4C92-9BAD-4D6EA5688217}.Debug|Any CPU.ActiveCfg = Debug|Any CPU
		{B5B86443-47AE-4C92-9BAD-4D6EA5688217}.Debug|Any CPU.Build.0 = Debug|Any CPU
		{B5B86443-47AE-4C92-9BAD-4D6EA5688217}.Release|Any CPU.ActiveCfg = Release|Any CPU
		{B5B86443-47AE-4C92-9BAD-4D6EA5688217}.Release|Any CPU.Build.0 = Release|Any CPU
	EndGlobalSection
	GlobalSection(SolutionProperties) = preSolution
		HideSolutionNode = FALSE
	EndGlobalSection
EndGlobal
