
Microsoft Visual Studio Solution File, Format Version 12.00
# Visual Studio 15
VisualStudioVersion = 15.0.28010.2046
MinimumVisualStudioVersion = 10.0.40219.1
Project("{FAE04EC0-301F-11D3-BF4B-00C04F79EFBC}") = "Lektion2Övningsuppgift1.1", "Lektion2Övningsuppgift1.1\Lektion2Övningsuppgift1.1.csproj", "{04C1EEB7-25B0-4BF6-99CC-132CD392A44C}"
EndProject
Global
	GlobalSection(SolutionConfigurationPlatforms) = preSolution
		Debug|Any CPU = Debug|Any CPU
		Release|Any CPU = Release|Any CPU
	EndGlobalSection
	GlobalSection(ProjectConfigurationPlatforms) = postSolution
		{04C1EEB7-25B0-4BF6-99CC-132CD392A44C}.Debug|Any CPU.ActiveCfg = Debug|Any CPU
		{04C1EEB7-25B0-4BF6-99CC-132CD392A44C}.Debug|Any CPU.Build.0 = Debug|Any CPU
		{04C1EEB7-25B0-4BF6-99CC-132CD392A44C}.Release|Any CPU.ActiveCfg = Release|Any CPU
		{04C1EEB7-25B0-4BF6-99CC-132CD392A44C}.Release|Any CPU.Build.0 = Release|Any CPU
	EndGlobalSection
	GlobalSection(SolutionProperties) = preSolution
		HideSolutionNode = FALSE
	EndGlobalSection
	GlobalSection(ExtensibilityGlobals) = postSolution
		SolutionGuid = {372DD273-82CD-4DAC-B546-F2F500DC2C2C}
	EndGlobalSection
EndGlobal
