
Microsoft Visual Studio Solution File, Format Version 12.00
# Visual Studio 15
VisualStudioVersion = 15.0.27130.2010
MinimumVisualStudioVersion = 10.0.40219.1
Project("{FAE04EC0-301F-11D3-BF4B-00C04F79EFBC}") = "OliviaDemoASPNETRepetitionStateLayo", "OliviaDemoASPNETRepetitionStateLayo\OliviaDemoASPNETRepetitionStateLayo.csproj", "{EACDAE30-D5BC-4F02-B3FB-5846A6EEEA99}"
EndProject
Global
	GlobalSection(SolutionConfigurationPlatforms) = preSolution
		Debug|Any CPU = Debug|Any CPU
		Release|Any CPU = Release|Any CPU
	EndGlobalSection
	GlobalSection(ProjectConfigurationPlatforms) = postSolution
		{EACDAE30-D5BC-4F02-B3FB-5846A6EEEA99}.Debug|Any CPU.ActiveCfg = Debug|Any CPU
		{EACDAE30-D5BC-4F02-B3FB-5846A6EEEA99}.Debug|Any CPU.Build.0 = Debug|Any CPU
		{EACDAE30-D5BC-4F02-B3FB-5846A6EEEA99}.Release|Any CPU.ActiveCfg = Release|Any CPU
		{EACDAE30-D5BC-4F02-B3FB-5846A6EEEA99}.Release|Any CPU.Build.0 = Release|Any CPU
	EndGlobalSection
	GlobalSection(SolutionProperties) = preSolution
		HideSolutionNode = FALSE
	EndGlobalSection
	GlobalSection(ExtensibilityGlobals) = postSolution
		SolutionGuid = {AF8D769D-7B1F-40CD-BF08-62AC018EEF0A}
	EndGlobalSection
EndGlobal
