
Microsoft Visual Studio Solution File, Format Version 12.00
# Visual Studio 15
VisualStudioVersion = 15.0.26730.10
MinimumVisualStudioVersion = 10.0.40219.1
Project("{FAE04EC0-301F-11D3-BF4B-00C04F79EFBC}") = "Anton_Konstruktor_OmOlivia", "Anton_Konstruktor_OmOlivia\Anton_Konstruktor_OmOlivia.csproj", "{C95016A3-588A-45A2-A4AE-769EB1219ADE}"
EndProject
Global
	GlobalSection(SolutionConfigurationPlatforms) = preSolution
		Debug|Any CPU = Debug|Any CPU
		Release|Any CPU = Release|Any CPU
	EndGlobalSection
	GlobalSection(ProjectConfigurationPlatforms) = postSolution
		{C95016A3-588A-45A2-A4AE-769EB1219ADE}.Debug|Any CPU.ActiveCfg = Debug|Any CPU
		{C95016A3-588A-45A2-A4AE-769EB1219ADE}.Debug|Any CPU.Build.0 = Debug|Any CPU
		{C95016A3-588A-45A2-A4AE-769EB1219ADE}.Release|Any CPU.ActiveCfg = Release|Any CPU
		{C95016A3-588A-45A2-A4AE-769EB1219ADE}.Release|Any CPU.Build.0 = Release|Any CPU
	EndGlobalSection
	GlobalSection(SolutionProperties) = preSolution
		HideSolutionNode = FALSE
	EndGlobalSection
	GlobalSection(ExtensibilityGlobals) = postSolution
		SolutionGuid = {1B0BD514-1788-48EC-B5F6-2B351FF43B88}
	EndGlobalSection
EndGlobal
