
Microsoft Visual Studio Solution File, Format Version 12.00
# Visual Studio 15
VisualStudioVersion = 15.0.26730.10
MinimumVisualStudioVersion = 10.0.40219.1
Project("{FAE04EC0-301F-11D3-BF4B-00C04F79EFBC}") = "Metoder_ParamArray", "Metoder_ParamArray\Metoder_ParamArray.csproj", "{32DB77EC-38CF-48B3-A068-710720E1E6E0}"
EndProject
Global
	GlobalSection(SolutionConfigurationPlatforms) = preSolution
		Debug|Any CPU = Debug|Any CPU
		Release|Any CPU = Release|Any CPU
	EndGlobalSection
	GlobalSection(ProjectConfigurationPlatforms) = postSolution
		{32DB77EC-38CF-48B3-A068-710720E1E6E0}.Debug|Any CPU.ActiveCfg = Debug|Any CPU
		{32DB77EC-38CF-48B3-A068-710720E1E6E0}.Debug|Any CPU.Build.0 = Debug|Any CPU
		{32DB77EC-38CF-48B3-A068-710720E1E6E0}.Release|Any CPU.ActiveCfg = Release|Any CPU
		{32DB77EC-38CF-48B3-A068-710720E1E6E0}.Release|Any CPU.Build.0 = Release|Any CPU
	EndGlobalSection
	GlobalSection(SolutionProperties) = preSolution
		HideSolutionNode = FALSE
	EndGlobalSection
	GlobalSection(ExtensibilityGlobals) = postSolution
		SolutionGuid = {F32EBDE1-2616-4E5C-B66D-E331DA2F0338}
	EndGlobalSection
EndGlobal
