
Microsoft Visual Studio Solution File, Format Version 12.00
# Visual Studio 15
VisualStudioVersion = 15.0.26730.10
MinimumVisualStudioVersion = 10.0.40219.1
Project("{FAE04EC0-301F-11D3-BF4B-00C04F79EFBC}") = "ExempelProv_i_CSharp_ 1", "ExempelProv_i_CSharp_ 1\ExempelProv_i_CSharp_ 1.csproj", "{6FF16DDF-5B2D-4F0F-B30F-8CBFC88A0A1B}"
EndProject
Global
	GlobalSection(SolutionConfigurationPlatforms) = preSolution
		Debug|Any CPU = Debug|Any CPU
		Release|Any CPU = Release|Any CPU
	EndGlobalSection
	GlobalSection(ProjectConfigurationPlatforms) = postSolution
		{6FF16DDF-5B2D-4F0F-B30F-8CBFC88A0A1B}.Debug|Any CPU.ActiveCfg = Debug|Any CPU
		{6FF16DDF-5B2D-4F0F-B30F-8CBFC88A0A1B}.Debug|Any CPU.Build.0 = Debug|Any CPU
		{6FF16DDF-5B2D-4F0F-B30F-8CBFC88A0A1B}.Release|Any CPU.ActiveCfg = Release|Any CPU
		{6FF16DDF-5B2D-4F0F-B30F-8CBFC88A0A1B}.Release|Any CPU.Build.0 = Release|Any CPU
	EndGlobalSection
	GlobalSection(SolutionProperties) = preSolution
		HideSolutionNode = FALSE
	EndGlobalSection
	GlobalSection(ExtensibilityGlobals) = postSolution
		SolutionGuid = {86827B8E-C226-4ACA-816A-F78E0BD092E0}
	EndGlobalSection
EndGlobal
