
Microsoft Visual Studio Solution File, Format Version 12.00
# Visual Studio 15
VisualStudioVersion = 15.0.27703.2035
MinimumVisualStudioVersion = 10.0.40219.1
Project("{FAE04EC0-301F-11D3-BF4B-00C04F79EFBC}") = "WpfDemo23", "WpfDemo23\WpfDemo23.csproj", "{5BA1E3D0-7A51-47D1-A6F6-B7822C32D970}"
EndProject
Global
	GlobalSection(SolutionConfigurationPlatforms) = preSolution
		Debug|Any CPU = Debug|Any CPU
		Release|Any CPU = Release|Any CPU
	EndGlobalSection
	GlobalSection(ProjectConfigurationPlatforms) = postSolution
		{5BA1E3D0-7A51-47D1-A6F6-B7822C32D970}.Debug|Any CPU.ActiveCfg = Debug|Any CPU
		{5BA1E3D0-7A51-47D1-A6F6-B7822C32D970}.Debug|Any CPU.Build.0 = Debug|Any CPU
		{5BA1E3D0-7A51-47D1-A6F6-B7822C32D970}.Release|Any CPU.ActiveCfg = Release|Any CPU
		{5BA1E3D0-7A51-47D1-A6F6-B7822C32D970}.Release|Any CPU.Build.0 = Release|Any CPU
	EndGlobalSection
	GlobalSection(SolutionProperties) = preSolution
		HideSolutionNode = FALSE
	EndGlobalSection
	GlobalSection(ExtensibilityGlobals) = postSolution
		SolutionGuid = {903DE1DA-99FA-4A6E-B9A7-E51C0AD37816}
	EndGlobalSection
EndGlobal
