
Microsoft Visual Studio Solution File, Format Version 9.00
# Visual C# Express 2005
Project("{FAE04EC0-301F-11D3-BF4B-00C04F79EFBC}") = "Ex9-6", "Ex9-6\Ex9-6.csproj", "{AB492E17-D3E8-4B4B-9450-5E9F794A504E}"
EndProject
Global
	GlobalSection(SolutionConfigurationPlatforms) = preSolution
		Debug|Any CPU = Debug|Any CPU
		Release|Any CPU = Release|Any CPU
	EndGlobalSection
	GlobalSection(ProjectConfigurationPlatforms) = postSolution
		{AB492E17-D3E8-4B4B-9450-5E9F794A504E}.Debug|Any CPU.ActiveCfg = Debug|Any CPU
		{AB492E17-D3E8-4B4B-9450-5E9F794A504E}.Debug|Any CPU.Build.0 = Debug|Any CPU
		{AB492E17-D3E8-4B4B-9450-5E9F794A504E}.Release|Any CPU.ActiveCfg = Release|Any CPU
		{AB492E17-D3E8-4B4B-9450-5E9F794A504E}.Release|Any CPU.Build.0 = Release|Any CPU
	EndGlobalSection
	GlobalSection(SolutionProperties) = preSolution
		HideSolutionNode = FALSE
	EndGlobalSection
EndGlobal
