
Microsoft Visual Studio Solution File, Format Version 12.00
# Visual Studio 15
VisualStudioVersion = 15.0.26730.10
MinimumVisualStudioVersion = 10.0.40219.1
Project("{FAE04EC0-301F-11D3-BF4B-00C04F79EFBC}") = "charbel_Frågesport_Hundar", "charbel_Frågesport_Hundar\charbel_Frågesport_Hundar.csproj", "{18B3C22B-30BB-4550-8B2A-A004BB4F1016}"
EndProject
Global
	GlobalSection(SolutionConfigurationPlatforms) = preSolution
		Debug|Any CPU = Debug|Any CPU
		Release|Any CPU = Release|Any CPU
	EndGlobalSection
	GlobalSection(ProjectConfigurationPlatforms) = postSolution
		{18B3C22B-30BB-4550-8B2A-A004BB4F1016}.Debug|Any CPU.ActiveCfg = Debug|Any CPU
		{18B3C22B-30BB-4550-8B2A-A004BB4F1016}.Debug|Any CPU.Build.0 = Debug|Any CPU
		{18B3C22B-30BB-4550-8B2A-A004BB4F1016}.Release|Any CPU.ActiveCfg = Release|Any CPU
		{18B3C22B-30BB-4550-8B2A-A004BB4F1016}.Release|Any CPU.Build.0 = Release|Any CPU
	EndGlobalSection
	GlobalSection(SolutionProperties) = preSolution
		HideSolutionNode = FALSE
	EndGlobalSection
	GlobalSection(ExtensibilityGlobals) = postSolution
		SolutionGuid = {B3132171-5796-492F-9C07-D1FCA9F364D3}
	EndGlobalSection
EndGlobal
