
Microsoft Visual Studio Solution File, Format Version 12.00
# Visual Studio 15
VisualStudioVersion = 15.0.27130.2003
MinimumVisualStudioVersion = 10.0.40219.1
Project("{FAE04EC0-301F-11D3-BF4B-00C04F79EFBC}") = "DemoASPNETRazor", "DemoASPNETRazor\DemoASPNETRazor.csproj", "{351ECEB4-C520-42E2-8D1D-2A4D3209E6DF}"
EndProject
Global
	GlobalSection(SolutionConfigurationPlatforms) = preSolution
		Debug|Any CPU = Debug|Any CPU
		Release|Any CPU = Release|Any CPU
	EndGlobalSection
	GlobalSection(ProjectConfigurationPlatforms) = postSolution
		{351ECEB4-C520-42E2-8D1D-2A4D3209E6DF}.Debug|Any CPU.ActiveCfg = Debug|Any CPU
		{351ECEB4-C520-42E2-8D1D-2A4D3209E6DF}.Debug|Any CPU.Build.0 = Debug|Any CPU
		{351ECEB4-C520-42E2-8D1D-2A4D3209E6DF}.Release|Any CPU.ActiveCfg = Release|Any CPU
		{351ECEB4-C520-42E2-8D1D-2A4D3209E6DF}.Release|Any CPU.Build.0 = Release|Any CPU
	EndGlobalSection
	GlobalSection(SolutionProperties) = preSolution
		HideSolutionNode = FALSE
	EndGlobalSection
	GlobalSection(ExtensibilityGlobals) = postSolution
		SolutionGuid = {10C6FAE4-D6F0-4BCB-AD86-2DEE328873F1}
	EndGlobalSection
EndGlobal
