
Microsoft Visual Studio Solution File, Format Version 12.00
# Visual Studio 15
VisualStudioVersion = 15.0.28010.0
MinimumVisualStudioVersion = 10.0.40219.1
Project("{FAE04EC0-301F-11D3-BF4B-00C04F79EFBC}") = "OliviaDemoHttpClient", "OliviaDemoHttpClient\OliviaDemoHttpClient.csproj", "{71144CE6-C898-41F9-BA84-3D6521A19013}"
EndProject
Global
	GlobalSection(SolutionConfigurationPlatforms) = preSolution
		Debug|Any CPU = Debug|Any CPU
		Release|Any CPU = Release|Any CPU
	EndGlobalSection
	GlobalSection(ProjectConfigurationPlatforms) = postSolution
		{71144CE6-C898-41F9-BA84-3D6521A19013}.Debug|Any CPU.ActiveCfg = Debug|Any CPU
		{71144CE6-C898-41F9-BA84-3D6521A19013}.Debug|Any CPU.Build.0 = Debug|Any CPU
		{71144CE6-C898-41F9-BA84-3D6521A19013}.Release|Any CPU.ActiveCfg = Release|Any CPU
		{71144CE6-C898-41F9-BA84-3D6521A19013}.Release|Any CPU.Build.0 = Release|Any CPU
	EndGlobalSection
	GlobalSection(SolutionProperties) = preSolution
		HideSolutionNode = FALSE
	EndGlobalSection
	GlobalSection(ExtensibilityGlobals) = postSolution
		SolutionGuid = {4A042169-1B26-4630-907E-A3C1128FE8FA}
	EndGlobalSection
EndGlobal
