
Microsoft Visual Studio Solution File, Format Version 12.00
# Visual Studio 15
VisualStudioVersion = 15.0.26730.10
MinimumVisualStudioVersion = 10.0.40219.1
Project("{FAE04EC0-301F-11D3-BF4B-00C04F79EFBC}") = "exTentaUppg2", "exTentaUppg2\exTentaUppg2.csproj", "{3B2ABF4C-20BB-46F4-8F99-CEF70018819A}"
EndProject
Project("{FAE04EC0-301F-11D3-BF4B-00C04F79EFBC}") = "readAndFromFile", "readAndFromFile\readAndFromFile.csproj", "{024E1511-4F34-44B9-B91A-D9632D35CC1E}"
EndProject
Global
	GlobalSection(SolutionConfigurationPlatforms) = preSolution
		Debug|Any CPU = Debug|Any CPU
		Release|Any CPU = Release|Any CPU
	EndGlobalSection
	GlobalSection(ProjectConfigurationPlatforms) = postSolution
		{3B2ABF4C-20BB-46F4-8F99-CEF70018819A}.Debug|Any CPU.ActiveCfg = Debug|Any CPU
		{3B2ABF4C-20BB-46F4-8F99-CEF70018819A}.Debug|Any CPU.Build.0 = Debug|Any CPU
		{3B2ABF4C-20BB-46F4-8F99-CEF70018819A}.Release|Any CPU.ActiveCfg = Release|Any CPU
		{3B2ABF4C-20BB-46F4-8F99-CEF70018819A}.Release|Any CPU.Build.0 = Release|Any CPU
		{024E1511-4F34-44B9-B91A-D9632D35CC1E}.Debug|Any CPU.ActiveCfg = Debug|Any CPU
		{024E1511-4F34-44B9-B91A-D9632D35CC1E}.Debug|Any CPU.Build.0 = Debug|Any CPU
		{024E1511-4F34-44B9-B91A-D9632D35CC1E}.Release|Any CPU.ActiveCfg = Release|Any CPU
		{024E1511-4F34-44B9-B91A-D9632D35CC1E}.Release|Any CPU.Build.0 = Release|Any CPU
	EndGlobalSection
	GlobalSection(SolutionProperties) = preSolution
		HideSolutionNode = FALSE
	EndGlobalSection
	GlobalSection(ExtensibilityGlobals) = postSolution
		SolutionGuid = {A4F2A577-3CEB-4E61-B71E-4AF8E1E5579B}
	EndGlobalSection
EndGlobal
