
Microsoft Visual Studio Solution File, Format Version 12.00
# Visual Studio 15
VisualStudioVersion = 15.0.26730.10
MinimumVisualStudioVersion = 10.0.40219.1
Project("{FAE04EC0-301F-11D3-BF4B-00C04F79EFBC}") = "Modul1_1.4", "Modul1_1.4\Modul1_1.4.csproj", "{563E3331-2AE1-4640-816F-A3B97274818A}"
EndProject
Global
	GlobalSection(SolutionConfigurationPlatforms) = preSolution
		Debug|Any CPU = Debug|Any CPU
		Release|Any CPU = Release|Any CPU
	EndGlobalSection
	GlobalSection(ProjectConfigurationPlatforms) = postSolution
		{563E3331-2AE1-4640-816F-A3B97274818A}.Debug|Any CPU.ActiveCfg = Debug|Any CPU
		{563E3331-2AE1-4640-816F-A3B97274818A}.Debug|Any CPU.Build.0 = Debug|Any CPU
		{563E3331-2AE1-4640-816F-A3B97274818A}.Release|Any CPU.ActiveCfg = Release|Any CPU
		{563E3331-2AE1-4640-816F-A3B97274818A}.Release|Any CPU.Build.0 = Release|Any CPU
	EndGlobalSection
	GlobalSection(SolutionProperties) = preSolution
		HideSolutionNode = FALSE
	EndGlobalSection
	GlobalSection(ExtensibilityGlobals) = postSolution
		SolutionGuid = {535E77BA-9FB1-4819-BF61-9ECB39550934}
	EndGlobalSection
EndGlobal
