
Microsoft Visual Studio Solution File, Format Version 12.00
# Visual Studio 15
VisualStudioVersion = 15.0.27130.2010
MinimumVisualStudioVersion = 10.0.40219.1
Project("{FAE04EC0-301F-11D3-BF4B-00C04F79EFBC}") = "OliviaDemoASPNETRepetitionAjax", "OliviaDemoASPNETRepetitionAjax\OliviaDemoASPNETRepetitionAjax.csproj", "{5243FDD4-76D1-4123-A822-9ED5DE878851}"
EndProject
Global
	GlobalSection(SolutionConfigurationPlatforms) = preSolution
		Debug|Any CPU = Debug|Any CPU
		Release|Any CPU = Release|Any CPU
	EndGlobalSection
	GlobalSection(ProjectConfigurationPlatforms) = postSolution
		{5243FDD4-76D1-4123-A822-9ED5DE878851}.Debug|Any CPU.ActiveCfg = Debug|Any CPU
		{5243FDD4-76D1-4123-A822-9ED5DE878851}.Debug|Any CPU.Build.0 = Debug|Any CPU
		{5243FDD4-76D1-4123-A822-9ED5DE878851}.Release|Any CPU.ActiveCfg = Release|Any CPU
		{5243FDD4-76D1-4123-A822-9ED5DE878851}.Release|Any CPU.Build.0 = Release|Any CPU
	EndGlobalSection
	GlobalSection(SolutionProperties) = preSolution
		HideSolutionNode = FALSE
	EndGlobalSection
	GlobalSection(ExtensibilityGlobals) = postSolution
		SolutionGuid = {978B090E-0DCB-489D-A190-D6B4EA979A19}
	EndGlobalSection
EndGlobal
