
Microsoft Visual Studio Solution File, Format Version 12.00
# Visual Studio 15
VisualStudioVersion = 15.0.26730.10
MinimumVisualStudioVersion = 10.0.40219.1
Project("{FAE04EC0-301F-11D3-BF4B-00C04F79EFBC}") = "Klubb", "Klubb\Klubb.csproj", "{87941D96-5BF9-470C-985E-7DFE45231D41}"
EndProject
Global
	GlobalSection(SolutionConfigurationPlatforms) = preSolution
		Debug|Any CPU = Debug|Any CPU
		Release|Any CPU = Release|Any CPU
	EndGlobalSection
	GlobalSection(ProjectConfigurationPlatforms) = postSolution
		{87941D96-5BF9-470C-985E-7DFE45231D41}.Debug|Any CPU.ActiveCfg = Debug|Any CPU
		{87941D96-5BF9-470C-985E-7DFE45231D41}.Debug|Any CPU.Build.0 = Debug|Any CPU
		{87941D96-5BF9-470C-985E-7DFE45231D41}.Release|Any CPU.ActiveCfg = Release|Any CPU
		{87941D96-5BF9-470C-985E-7DFE45231D41}.Release|Any CPU.Build.0 = Release|Any CPU
	EndGlobalSection
	GlobalSection(SolutionProperties) = preSolution
		HideSolutionNode = FALSE
	EndGlobalSection
	GlobalSection(ExtensibilityGlobals) = postSolution
		SolutionGuid = {D3FFE1FD-DEEA-444C-87A9-4B1D46147B97}
	EndGlobalSection
EndGlobal
