
Microsoft Visual Studio Solution File, Format Version 12.00
# Visual Studio 15
VisualStudioVersion = 15.0.28010.2003
MinimumVisualStudioVersion = 10.0.40219.1
Project("{FAE04EC0-301F-11D3-BF4B-00C04F79EFBC}") = "OliviaDemoUnitTest", "OliviaDemoUnitTest\OliviaDemoUnitTest.csproj", "{53E8283D-55BB-4D68-B401-083A73968E73}"
EndProject
Project("{FAE04EC0-301F-11D3-BF4B-00C04F79EFBC}") = "DemoTestCases", "DemoTestCases\DemoTestCases.csproj", "{0B7D18A2-39CF-47F6-A9FC-8A3C1BBBAEC0}"
EndProject
Global
	GlobalSection(SolutionConfigurationPlatforms) = preSolution
		Debug|Any CPU = Debug|Any CPU
		Release|Any CPU = Release|Any CPU
	EndGlobalSection
	GlobalSection(ProjectConfigurationPlatforms) = postSolution
		{53E8283D-55BB-4D68-B401-083A73968E73}.Debug|Any CPU.ActiveCfg = Debug|Any CPU
		{53E8283D-55BB-4D68-B401-083A73968E73}.Debug|Any CPU.Build.0 = Debug|Any CPU
		{53E8283D-55BB-4D68-B401-083A73968E73}.Release|Any CPU.ActiveCfg = Release|Any CPU
		{53E8283D-55BB-4D68-B401-083A73968E73}.Release|Any CPU.Build.0 = Release|Any CPU
		{0B7D18A2-39CF-47F6-A9FC-8A3C1BBBAEC0}.Debug|Any CPU.ActiveCfg = Debug|Any CPU
		{0B7D18A2-39CF-47F6-A9FC-8A3C1BBBAEC0}.Debug|Any CPU.Build.0 = Debug|Any CPU
		{0B7D18A2-39CF-47F6-A9FC-8A3C1BBBAEC0}.Release|Any CPU.ActiveCfg = Release|Any CPU
		{0B7D18A2-39CF-47F6-A9FC-8A3C1BBBAEC0}.Release|Any CPU.Build.0 = Release|Any CPU
	EndGlobalSection
	GlobalSection(SolutionProperties) = preSolution
		HideSolutionNode = FALSE
	EndGlobalSection
	GlobalSection(ExtensibilityGlobals) = postSolution
		SolutionGuid = {961110D8-5684-41AB-B908-3D2A523775A5}
	EndGlobalSection
EndGlobal
