
Microsoft Visual Studio Solution File, Format Version 9.00
# Visual C# Express 2005
Project("{FAE04EC0-301F-11D3-BF4B-00C04F79EFBC}") = "Ex9-5", "Ex9-5\Ex9-5.csproj", "{B498ACD2-6470-4032-A84B-5FA365813A20}"
EndProject
Global
	GlobalSection(SolutionConfigurationPlatforms) = preSolution
		Debug|Any CPU = Debug|Any CPU
		Release|Any CPU = Release|Any CPU
	EndGlobalSection
	GlobalSection(ProjectConfigurationPlatforms) = postSolution
		{B498ACD2-6470-4032-A84B-5FA365813A20}.Debug|Any CPU.ActiveCfg = Debug|Any CPU
		{B498ACD2-6470-4032-A84B-5FA365813A20}.Debug|Any CPU.Build.0 = Debug|Any CPU
		{B498ACD2-6470-4032-A84B-5FA365813A20}.Release|Any CPU.ActiveCfg = Release|Any CPU
		{B498ACD2-6470-4032-A84B-5FA365813A20}.Release|Any CPU.Build.0 = Release|Any CPU
	EndGlobalSection
	GlobalSection(SolutionProperties) = preSolution
		HideSolutionNode = FALSE
	EndGlobalSection
EndGlobal
