
Microsoft Visual Studio Solution File, Format Version 12.00
# Visual Studio 15
VisualStudioVersion = 15.0.28010.2003
MinimumVisualStudioVersion = 10.0.40219.1
Project("{E24C65DC-7377-472B-9ABA-BC803B73C61A}") = "OliviaDemoWebForm", "OliviaDemoWebForm\", "{F04586CB-3194-4DE6-B942-D9CAA696CA68}"
	ProjectSection(WebsiteProperties) = preProject
		TargetFrameworkMoniker = ".NETFramework,Version%3Dv4.6.1"
		Debug.AspNetCompiler.VirtualPath = "/localhost_52563"
		Debug.AspNetCompiler.PhysicalPath = "OliviaDemoWebForm\"
		Debug.AspNetCompiler.TargetPath = "PrecompiledWeb\localhost_52563\"
		Debug.AspNetCompiler.Updateable = "true"
		Debug.AspNetCompiler.ForceOverwrite = "true"
		Debug.AspNetCompiler.FixedNames = "false"
		Debug.AspNetCompiler.Debug = "True"
		Release.AspNetCompiler.VirtualPath = "/localhost_52563"
		Release.AspNetCompiler.PhysicalPath = "OliviaDemoWebForm\"
		Release.AspNetCompiler.TargetPath = "PrecompiledWeb\localhost_52563\"
		Release.AspNetCompiler.Updateable = "true"
		Release.AspNetCompiler.ForceOverwrite = "true"
		Release.AspNetCompiler.FixedNames = "false"
		Release.AspNetCompiler.Debug = "False"
		VWDPort = "52563"
		SlnRelativePath = "OliviaDemoWebForm\"
		DefaultWebSiteLanguage = "Visual C#"
	EndProjectSection
EndProject
Global
	GlobalSection(SolutionConfigurationPlatforms) = preSolution
		Debug|Any CPU = Debug|Any CPU
	EndGlobalSection
	GlobalSection(ProjectConfigurationPlatforms) = postSolution
		{F04586CB-3194-4DE6-B942-D9CAA696CA68}.Debug|Any CPU.ActiveCfg = Debug|Any CPU
		{F04586CB-3194-4DE6-B942-D9CAA696CA68}.Debug|Any CPU.Build.0 = Debug|Any CPU
	EndGlobalSection
	GlobalSection(SolutionProperties) = preSolution
		HideSolutionNode = FALSE
	EndGlobalSection
	GlobalSection(ExtensibilityGlobals) = postSolution
		SolutionGuid = {E37ED685-69DA-49A0-878A-59B3CFC3C227}
	EndGlobalSection
EndGlobal
