
Microsoft Visual Studio Solution File, Format Version 12.00
# Visual Studio 15
VisualStudioVersion = 15.0.26730.10
MinimumVisualStudioVersion = 10.0.40219.1
Project("{FAE04EC0-301F-11D3-BF4B-00C04F79EFBC}") = "objectInitializerIntermediate", "objectInitializerIntermediate\objectInitializerIntermediate.csproj", "{8D962C1F-9272-4BF5-A6C7-226844216D46}"
EndProject
Project("{FAE04EC0-301F-11D3-BF4B-00C04F79EFBC}") = "metoderIntermediate", "metoderIntermediate\metoderIntermediate.csproj", "{2FC6E30B-3904-447B-A889-15D6EF7E8597}"
EndProject
Project("{FAE04EC0-301F-11D3-BF4B-00C04F79EFBC}") = "inheritanceIntermediate", "inheritanceIntermediate\inheritanceIntermediate.csproj", "{C0D4CE5F-9550-4655-AD46-BEFC54CC5AB0}"
EndProject
Global
	GlobalSection(SolutionConfigurationPlatforms) = preSolution
		Debug|Any CPU = Debug|Any CPU
		Release|Any CPU = Release|Any CPU
	EndGlobalSection
	GlobalSection(ProjectConfigurationPlatforms) = postSolution
		{8D962C1F-9272-4BF5-A6C7-226844216D46}.Debug|Any CPU.ActiveCfg = Debug|Any CPU
		{8D962C1F-9272-4BF5-A6C7-226844216D46}.Debug|Any CPU.Build.0 = Debug|Any CPU
		{8D962C1F-9272-4BF5-A6C7-226844216D46}.Release|Any CPU.ActiveCfg = Release|Any CPU
		{8D962C1F-9272-4BF5-A6C7-226844216D46}.Release|Any CPU.Build.0 = Release|Any CPU
		{2FC6E30B-3904-447B-A889-15D6EF7E8597}.Debug|Any CPU.ActiveCfg = Debug|Any CPU
		{2FC6E30B-3904-447B-A889-15D6EF7E8597}.Debug|Any CPU.Build.0 = Debug|Any CPU
		{2FC6E30B-3904-447B-A889-15D6EF7E8597}.Release|Any CPU.ActiveCfg = Release|Any CPU
		{2FC6E30B-3904-447B-A889-15D6EF7E8597}.Release|Any CPU.Build.0 = Release|Any CPU
		{C0D4CE5F-9550-4655-AD46-BEFC54CC5AB0}.Debug|Any CPU.ActiveCfg = Debug|Any CPU
		{C0D4CE5F-9550-4655-AD46-BEFC54CC5AB0}.Debug|Any CPU.Build.0 = Debug|Any CPU
		{C0D4CE5F-9550-4655-AD46-BEFC54CC5AB0}.Release|Any CPU.ActiveCfg = Release|Any CPU
		{C0D4CE5F-9550-4655-AD46-BEFC54CC5AB0}.Release|Any CPU.Build.0 = Release|Any CPU
	EndGlobalSection
	GlobalSection(SolutionProperties) = preSolution
		HideSolutionNode = FALSE
	EndGlobalSection
	GlobalSection(ExtensibilityGlobals) = postSolution
		SolutionGuid = {F162A156-53AA-429A-AA50-BD07DE53DB38}
	EndGlobalSection
EndGlobal
