
Microsoft Visual Studio Solution File, Format Version 12.00
# Visual Studio 15
VisualStudioVersion = 15.0.26730.10
MinimumVisualStudioVersion = 10.0.40219.1
Project("{FAE04EC0-301F-11D3-BF4B-00C04F79EFBC}") = "omtenta4_Company", "omtenta4_Company\omtenta4_Company.csproj", "{59639801-DA0B-4F4F-B197-96E17E7B12FA}"
EndProject
Global
	GlobalSection(SolutionConfigurationPlatforms) = preSolution
		Debug|Any CPU = Debug|Any CPU
		Release|Any CPU = Release|Any CPU
	EndGlobalSection
	GlobalSection(ProjectConfigurationPlatforms) = postSolution
		{59639801-DA0B-4F4F-B197-96E17E7B12FA}.Debug|Any CPU.ActiveCfg = Debug|Any CPU
		{59639801-DA0B-4F4F-B197-96E17E7B12FA}.Debug|Any CPU.Build.0 = Debug|Any CPU
		{59639801-DA0B-4F4F-B197-96E17E7B12FA}.Release|Any CPU.ActiveCfg = Release|Any CPU
		{59639801-DA0B-4F4F-B197-96E17E7B12FA}.Release|Any CPU.Build.0 = Release|Any CPU
	EndGlobalSection
	GlobalSection(SolutionProperties) = preSolution
		HideSolutionNode = FALSE
	EndGlobalSection
	GlobalSection(ExtensibilityGlobals) = postSolution
		SolutionGuid = {FB117ED1-76EB-49B7-935C-CDE2DDC3F08E}
	EndGlobalSection
EndGlobal
