
Microsoft Visual Studio Solution File, Format Version 12.00
# Visual Studio 15
VisualStudioVersion = 15.0.27130.2010
MinimumVisualStudioVersion = 10.0.40219.1
Project("{FAE04EC0-301F-11D3-BF4B-00C04F79EFBC}") = "OliviaDemoASPNETIntro", "OliviaDemoASPNETIntro\OliviaDemoASPNETIntro.csproj", "{526BD694-19A5-47F6-A216-F350FDC5594E}"
EndProject
Global
	GlobalSection(SolutionConfigurationPlatforms) = preSolution
		Debug|Any CPU = Debug|Any CPU
		Release|Any CPU = Release|Any CPU
	EndGlobalSection
	GlobalSection(ProjectConfigurationPlatforms) = postSolution
		{526BD694-19A5-47F6-A216-F350FDC5594E}.Debug|Any CPU.ActiveCfg = Debug|Any CPU
		{526BD694-19A5-47F6-A216-F350FDC5594E}.Debug|Any CPU.Build.0 = Debug|Any CPU
		{526BD694-19A5-47F6-A216-F350FDC5594E}.Release|Any CPU.ActiveCfg = Release|Any CPU
		{526BD694-19A5-47F6-A216-F350FDC5594E}.Release|Any CPU.Build.0 = Release|Any CPU
	EndGlobalSection
	GlobalSection(SolutionProperties) = preSolution
		HideSolutionNode = FALSE
	EndGlobalSection
	GlobalSection(ExtensibilityGlobals) = postSolution
		SolutionGuid = {F76376C2-96C7-4F1D-AAA9-FB4851012360}
	EndGlobalSection
EndGlobal
