
Microsoft Visual Studio Solution File, Format Version 12.00
# Visual Studio 15
VisualStudioVersion = 15.0.28010.2046
MinimumVisualStudioVersion = 10.0.40219.1
Project("{FAE04EC0-301F-11D3-BF4B-00C04F79EFBC}") = "BenganExtra", "BenganExtra\BenganExtra.csproj", "{8D81F777-EF45-4DAB-9FF5-99377BF8EA01}"
EndProject
Project("{FAE04EC0-301F-11D3-BF4B-00C04F79EFBC}") = "BowlingTests", "BowlingTests\BowlingTests.csproj", "{61CCDAA7-D45E-465A-B688-FEE741028242}"
EndProject
Global
	GlobalSection(SolutionConfigurationPlatforms) = preSolution
		Debug|Any CPU = Debug|Any CPU
		Release|Any CPU = Release|Any CPU
	EndGlobalSection
	GlobalSection(ProjectConfigurationPlatforms) = postSolution
		{8D81F777-EF45-4DAB-9FF5-99377BF8EA01}.Debug|Any CPU.ActiveCfg = Debug|Any CPU
		{8D81F777-EF45-4DAB-9FF5-99377BF8EA01}.Debug|Any CPU.Build.0 = Debug|Any CPU
		{8D81F777-EF45-4DAB-9FF5-99377BF8EA01}.Release|Any CPU.ActiveCfg = Release|Any CPU
		{8D81F777-EF45-4DAB-9FF5-99377BF8EA01}.Release|Any CPU.Build.0 = Release|Any CPU
		{61CCDAA7-D45E-465A-B688-FEE741028242}.Debug|Any CPU.ActiveCfg = Debug|Any CPU
		{61CCDAA7-D45E-465A-B688-FEE741028242}.Debug|Any CPU.Build.0 = Debug|Any CPU
		{61CCDAA7-D45E-465A-B688-FEE741028242}.Release|Any CPU.ActiveCfg = Release|Any CPU
		{61CCDAA7-D45E-465A-B688-FEE741028242}.Release|Any CPU.Build.0 = Release|Any CPU
	EndGlobalSection
	GlobalSection(SolutionProperties) = preSolution
		HideSolutionNode = FALSE
	EndGlobalSection
	GlobalSection(ExtensibilityGlobals) = postSolution
		SolutionGuid = {F4860FB2-FA7D-4997-AC8A-B880AAE60900}
	EndGlobalSection
EndGlobal
