
Microsoft Visual Studio Solution File, Format Version 12.00
# Visual Studio 15
VisualStudioVersion = 15.0.28010.0
MinimumVisualStudioVersion = 10.0.40219.1
Project("{FAE04EC0-301F-11D3-BF4B-00C04F79EFBC}") = "uppg1WebApiOchJSON", "uppg1WebApiOchJSON\uppg1WebApiOchJSON.csproj", "{6E4FB62E-8E20-4DE2-80AD-68BC673980E1}"
EndProject
Global
	GlobalSection(SolutionConfigurationPlatforms) = preSolution
		Debug|Any CPU = Debug|Any CPU
		Release|Any CPU = Release|Any CPU
	EndGlobalSection
	GlobalSection(ProjectConfigurationPlatforms) = postSolution
		{6E4FB62E-8E20-4DE2-80AD-68BC673980E1}.Debug|Any CPU.ActiveCfg = Debug|Any CPU
		{6E4FB62E-8E20-4DE2-80AD-68BC673980E1}.Debug|Any CPU.Build.0 = Debug|Any CPU
		{6E4FB62E-8E20-4DE2-80AD-68BC673980E1}.Release|Any CPU.ActiveCfg = Release|Any CPU
		{6E4FB62E-8E20-4DE2-80AD-68BC673980E1}.Release|Any CPU.Build.0 = Release|Any CPU
	EndGlobalSection
	GlobalSection(SolutionProperties) = preSolution
		HideSolutionNode = FALSE
	EndGlobalSection
	GlobalSection(ExtensibilityGlobals) = postSolution
		SolutionGuid = {14B0C794-B85E-4F92-8C12-1573B60BEB10}
	EndGlobalSection
EndGlobal
