
Microsoft Visual Studio Solution File, Format Version 12.00
# Visual Studio 15
VisualStudioVersion = 15.0.27130.2010
MinimumVisualStudioVersion = 10.0.40219.1
Project("{FAE04EC0-301F-11D3-BF4B-00C04F79EFBC}") = "Uppg1Layout", "Uppg1Layout\Uppg1Layout.csproj", "{0F0E550C-24F3-4819-846A-87A47D7753CA}"
EndProject
Global
	GlobalSection(SolutionConfigurationPlatforms) = preSolution
		Debug|Any CPU = Debug|Any CPU
		Release|Any CPU = Release|Any CPU
	EndGlobalSection
	GlobalSection(ProjectConfigurationPlatforms) = postSolution
		{0F0E550C-24F3-4819-846A-87A47D7753CA}.Debug|Any CPU.ActiveCfg = Debug|Any CPU
		{0F0E550C-24F3-4819-846A-87A47D7753CA}.Debug|Any CPU.Build.0 = Debug|Any CPU
		{0F0E550C-24F3-4819-846A-87A47D7753CA}.Release|Any CPU.ActiveCfg = Release|Any CPU
		{0F0E550C-24F3-4819-846A-87A47D7753CA}.Release|Any CPU.Build.0 = Release|Any CPU
	EndGlobalSection
	GlobalSection(SolutionProperties) = preSolution
		HideSolutionNode = FALSE
	EndGlobalSection
	GlobalSection(ExtensibilityGlobals) = postSolution
		SolutionGuid = {4622ED93-49F7-492E-9A1A-0ADCD7795BA4}
	EndGlobalSection
EndGlobal
