
Microsoft Visual Studio Solution File, Format Version 12.00
# Visual Studio 15
VisualStudioVersion = 15.0.27004.2006
MinimumVisualStudioVersion = 10.0.40219.1
Project("{FAE04EC0-301F-11D3-BF4B-00C04F79EFBC}") = "demoRepitition1", "demoRepitition1\demoRepitition1.csproj", "{6DCB40E5-5E88-4362-BA59-044871E2AB9B}"
EndProject
Project("{FAE04EC0-301F-11D3-BF4B-00C04F79EFBC}") = "demoMening", "demoMening\demoMening.csproj", "{EF10F231-A1AB-478B-8077-447D034A2986}"
EndProject
Project("{FAE04EC0-301F-11D3-BF4B-00C04F79EFBC}") = "demoParametrar", "demoParametrar\demoParametrar.csproj", "{7F4BB315-1E0D-4C6C-AE5A-BEE668B8DC49}"
EndProject
Project("{FAE04EC0-301F-11D3-BF4B-00C04F79EFBC}") = "demoLoopar", "demoLoopar\demoLoopar.csproj", "{03C91AB9-BDF1-4C38-AE01-8D5557673460}"
EndProject
Project("{FAE04EC0-301F-11D3-BF4B-00C04F79EFBC}") = "demoArray", "demoArray\demoArray.csproj", "{5A10DA65-8A09-467C-91C7-B107E30CB035}"
EndProject
Project("{FAE04EC0-301F-11D3-BF4B-00C04F79EFBC}") = "demoOOP1", "demoOOP1\demoOOP1.csproj", "{3A7AD228-DA65-4F27-8C21-29E8515F7468}"
EndProject
Project("{FAE04EC0-301F-11D3-BF4B-00C04F79EFBC}") = "demoOOP2", "demoOOP2\demoOOP2.csproj", "{5D1276F8-8400-4235-B7EA-0764E9DAF6EA}"
EndProject
Global
	GlobalSection(SolutionConfigurationPlatforms) = preSolution
		Debug|Any CPU = Debug|Any CPU
		Release|Any CPU = Release|Any CPU
	EndGlobalSection
	GlobalSection(ProjectConfigurationPlatforms) = postSolution
		{6DCB40E5-5E88-4362-BA59-044871E2AB9B}.Debug|Any CPU.ActiveCfg = Debug|Any CPU
		{6DCB40E5-5E88-4362-BA59-044871E2AB9B}.Debug|Any CPU.Build.0 = Debug|Any CPU
		{6DCB40E5-5E88-4362-BA59-044871E2AB9B}.Release|Any CPU.ActiveCfg = Release|Any CPU
		{6DCB40E5-5E88-4362-BA59-044871E2AB9B}.Release|Any CPU.Build.0 = Release|Any CPU
		{EF10F231-A1AB-478B-8077-447D034A2986}.Debug|Any CPU.ActiveCfg = Debug|Any CPU
		{EF10F231-A1AB-478B-8077-447D034A2986}.Debug|Any CPU.Build.0 = Debug|Any CPU
		{EF10F231-A1AB-478B-8077-447D034A2986}.Release|Any CPU.ActiveCfg = Release|Any CPU
		{EF10F231-A1AB-478B-8077-447D034A2986}.Release|Any CPU.Build.0 = Release|Any CPU
		{7F4BB315-1E0D-4C6C-AE5A-BEE668B8DC49}.Debug|Any CPU.ActiveCfg = Debug|Any CPU
		{7F4BB315-1E0D-4C6C-AE5A-BEE668B8DC49}.Debug|Any CPU.Build.0 = Debug|Any CPU
		{7F4BB315-1E0D-4C6C-AE5A-BEE668B8DC49}.Release|Any CPU.ActiveCfg = Release|Any CPU
		{7F4BB315-1E0D-4C6C-AE5A-BEE668B8DC49}.Release|Any CPU.Build.0 = Release|Any CPU
		{03C91AB9-BDF1-4C38-AE01-8D5557673460}.Debug|Any CPU.ActiveCfg = Debug|Any CPU
		{03C91AB9-BDF1-4C38-AE01-8D5557673460}.Debug|Any CPU.Build.0 = Debug|Any CPU
		{03C91AB9-BDF1-4C38-AE01-8D5557673460}.Release|Any CPU.ActiveCfg = Release|Any CPU
		{03C91AB9-BDF1-4C38-AE01-8D5557673460}.Release|Any CPU.Build.0 = Release|Any CPU
		{5A10DA65-8A09-467C-91C7-B107E30CB035}.Debug|Any CPU.ActiveCfg = Debug|Any CPU
		{5A10DA65-8A09-467C-91C7-B107E30CB035}.Debug|Any CPU.Build.0 = Debug|Any CPU
		{5A10DA65-8A09-467C-91C7-B107E30CB035}.Release|Any CPU.ActiveCfg = Release|Any CPU
		{5A10DA65-8A09-467C-91C7-B107E30CB035}.Release|Any CPU.Build.0 = Release|Any CPU
		{3A7AD228-DA65-4F27-8C21-29E8515F7468}.Debug|Any CPU.ActiveCfg = Debug|Any CPU
		{3A7AD228-DA65-4F27-8C21-29E8515F7468}.Debug|Any CPU.Build.0 = Debug|Any CPU
		{3A7AD228-DA65-4F27-8C21-29E8515F7468}.Release|Any CPU.ActiveCfg = Release|Any CPU
		{3A7AD228-DA65-4F27-8C21-29E8515F7468}.Release|Any CPU.Build.0 = Release|Any CPU
		{5D1276F8-8400-4235-B7EA-0764E9DAF6EA}.Debug|Any CPU.ActiveCfg = Debug|Any CPU
		{5D1276F8-8400-4235-B7EA-0764E9DAF6EA}.Debug|Any CPU.Build.0 = Debug|Any CPU
		{5D1276F8-8400-4235-B7EA-0764E9DAF6EA}.Release|Any CPU.ActiveCfg = Release|Any CPU
		{5D1276F8-8400-4235-B7EA-0764E9DAF6EA}.Release|Any CPU.Build.0 = Release|Any CPU
	EndGlobalSection
	GlobalSection(SolutionProperties) = preSolution
		HideSolutionNode = FALSE
	EndGlobalSection
	GlobalSection(ExtensibilityGlobals) = postSolution
		SolutionGuid = {B839A37C-7A6E-4F22-8F73-AC4A33A8BAAD}
	EndGlobalSection
EndGlobal
