
Microsoft Visual Studio Solution File, Format Version 12.00
# Visual Studio 15
VisualStudioVersion = 15.0.26730.10
MinimumVisualStudioVersion = 10.0.40219.1
Project("{FAE04EC0-301F-11D3-BF4B-00C04F79EFBC}") = "InterfaceTestabilityMosh", "InterfaceTestabilityMosh\InterfaceTestabilityMosh.csproj", "{0E1084A0-AD34-4B57-AAFF-7EB95A0A8BFD}"
EndProject
Global
	GlobalSection(SolutionConfigurationPlatforms) = preSolution
		Debug|Any CPU = Debug|Any CPU
		Release|Any CPU = Release|Any CPU
	EndGlobalSection
	GlobalSection(ProjectConfigurationPlatforms) = postSolution
		{0E1084A0-AD34-4B57-AAFF-7EB95A0A8BFD}.Debug|Any CPU.ActiveCfg = Debug|Any CPU
		{0E1084A0-AD34-4B57-AAFF-7EB95A0A8BFD}.Debug|Any CPU.Build.0 = Debug|Any CPU
		{0E1084A0-AD34-4B57-AAFF-7EB95A0A8BFD}.Release|Any CPU.ActiveCfg = Release|Any CPU
		{0E1084A0-AD34-4B57-AAFF-7EB95A0A8BFD}.Release|Any CPU.Build.0 = Release|Any CPU
	EndGlobalSection
	GlobalSection(SolutionProperties) = preSolution
		HideSolutionNode = FALSE
	EndGlobalSection
	GlobalSection(ExtensibilityGlobals) = postSolution
		SolutionGuid = {4F8F06A4-7DB4-4076-8575-9C1F75F14BBD}
	EndGlobalSection
EndGlobal
