
Microsoft Visual Studio Solution File, Format Version 12.00
# Visual Studio 15
VisualStudioVersion = 15.0.26730.10
MinimumVisualStudioVersion = 10.0.40219.1
Project("{FAE04EC0-301F-11D3-BF4B-00C04F79EFBC}") = "charbel_Frågesport_LINQ_Lambda", "charbel_Frågesport_LINQ_Lambda\charbel_Frågesport_LINQ_Lambda.csproj", "{9F8A1FD6-3DEE-491C-A44F-D83ED6B7C43E}"
EndProject
Global
	GlobalSection(SolutionConfigurationPlatforms) = preSolution
		Debug|Any CPU = Debug|Any CPU
		Release|Any CPU = Release|Any CPU
	EndGlobalSection
	GlobalSection(ProjectConfigurationPlatforms) = postSolution
		{9F8A1FD6-3DEE-491C-A44F-D83ED6B7C43E}.Debug|Any CPU.ActiveCfg = Debug|Any CPU
		{9F8A1FD6-3DEE-491C-A44F-D83ED6B7C43E}.Debug|Any CPU.Build.0 = Debug|Any CPU
		{9F8A1FD6-3DEE-491C-A44F-D83ED6B7C43E}.Release|Any CPU.ActiveCfg = Release|Any CPU
		{9F8A1FD6-3DEE-491C-A44F-D83ED6B7C43E}.Release|Any CPU.Build.0 = Release|Any CPU
	EndGlobalSection
	GlobalSection(SolutionProperties) = preSolution
		HideSolutionNode = FALSE
	EndGlobalSection
	GlobalSection(ExtensibilityGlobals) = postSolution
		SolutionGuid = {F594FD0B-EC1A-4046-907A-63CD5C4BFA3D}
	EndGlobalSection
EndGlobal
