
Microsoft Visual Studio Solution File, Format Version 9.00
# Visual C# Express 2005
Project("{FAE04EC0-301F-11D3-BF4B-00C04F79EFBC}") = "BilTest", "BilTest\BilTest.csproj", "{FD846AC3-0060-4DF6-95A1-438C08797639}"
EndProject
Global
	GlobalSection(SolutionConfigurationPlatforms) = preSolution
		Debug|Any CPU = Debug|Any CPU
		Release|Any CPU = Release|Any CPU
	EndGlobalSection
	GlobalSection(ProjectConfigurationPlatforms) = postSolution
		{FD846AC3-0060-4DF6-95A1-438C08797639}.Debug|Any CPU.ActiveCfg = Debug|Any CPU
		{FD846AC3-0060-4DF6-95A1-438C08797639}.Debug|Any CPU.Build.0 = Debug|Any CPU
		{FD846AC3-0060-4DF6-95A1-438C08797639}.Release|Any CPU.ActiveCfg = Release|Any CPU
		{FD846AC3-0060-4DF6-95A1-438C08797639}.Release|Any CPU.Build.0 = Release|Any CPU
	EndGlobalSection
	GlobalSection(SolutionProperties) = preSolution
		HideSolutionNode = FALSE
	EndGlobalSection
EndGlobal
