
Microsoft Visual Studio Solution File, Format Version 12.00
# Visual Studio 15
VisualStudioVersion = 15.0.26730.10
MinimumVisualStudioVersion = 10.0.40219.1
Project("{FAE04EC0-301F-11D3-BF4B-00C04F79EFBC}") = "Modul1_1.5", "Modul1_1.5\Modul1_1.5.csproj", "{38D99E8B-F121-4FED-BD26-02B239171348}"
EndProject
Global
	GlobalSection(SolutionConfigurationPlatforms) = preSolution
		Debug|Any CPU = Debug|Any CPU
		Release|Any CPU = Release|Any CPU
	EndGlobalSection
	GlobalSection(ProjectConfigurationPlatforms) = postSolution
		{38D99E8B-F121-4FED-BD26-02B239171348}.Debug|Any CPU.ActiveCfg = Debug|Any CPU
		{38D99E8B-F121-4FED-BD26-02B239171348}.Debug|Any CPU.Build.0 = Debug|Any CPU
		{38D99E8B-F121-4FED-BD26-02B239171348}.Release|Any CPU.ActiveCfg = Release|Any CPU
		{38D99E8B-F121-4FED-BD26-02B239171348}.Release|Any CPU.Build.0 = Release|Any CPU
	EndGlobalSection
	GlobalSection(SolutionProperties) = preSolution
		HideSolutionNode = FALSE
	EndGlobalSection
	GlobalSection(ExtensibilityGlobals) = postSolution
		SolutionGuid = {9143D853-27DC-4C44-A9E8-552611A562DB}
	EndGlobalSection
EndGlobal
