
Microsoft Visual Studio Solution File, Format Version 12.00
# Visual Studio 15
VisualStudioVersion = 15.0.27703.2035
MinimumVisualStudioVersion = 10.0.40219.1
Project("{FAE04EC0-301F-11D3-BF4B-00C04F79EFBC}") = "WpfDemo21", "WpfDemo21\WpfDemo21.csproj", "{A20EBC50-3AB2-4EA1-B255-8F27E13E0984}"
EndProject
Global
	GlobalSection(SolutionConfigurationPlatforms) = preSolution
		Debug|Any CPU = Debug|Any CPU
		Release|Any CPU = Release|Any CPU
	EndGlobalSection
	GlobalSection(ProjectConfigurationPlatforms) = postSolution
		{A20EBC50-3AB2-4EA1-B255-8F27E13E0984}.Debug|Any CPU.ActiveCfg = Debug|Any CPU
		{A20EBC50-3AB2-4EA1-B255-8F27E13E0984}.Debug|Any CPU.Build.0 = Debug|Any CPU
		{A20EBC50-3AB2-4EA1-B255-8F27E13E0984}.Release|Any CPU.ActiveCfg = Release|Any CPU
		{A20EBC50-3AB2-4EA1-B255-8F27E13E0984}.Release|Any CPU.Build.0 = Release|Any CPU
	EndGlobalSection
	GlobalSection(SolutionProperties) = preSolution
		HideSolutionNode = FALSE
	EndGlobalSection
	GlobalSection(ExtensibilityGlobals) = postSolution
		SolutionGuid = {37599B5C-C575-496C-A155-D799E9B027FD}
	EndGlobalSection
EndGlobal
