
Microsoft Visual Studio Solution File, Format Version 12.00
# Visual Studio 15
VisualStudioVersion = 15.0.26730.10
MinimumVisualStudioVersion = 10.0.40219.1
Project("{FAE04EC0-301F-11D3-BF4B-00C04F79EFBC}") = "Addressbook", "Addressbook\Addressbook.csproj", "{DDE4C9F0-1936-4424-B08D-7F4366ADC8CB}"
EndProject
Global
	GlobalSection(SolutionConfigurationPlatforms) = preSolution
		Debug|Any CPU = Debug|Any CPU
		Release|Any CPU = Release|Any CPU
	EndGlobalSection
	GlobalSection(ProjectConfigurationPlatforms) = postSolution
		{DDE4C9F0-1936-4424-B08D-7F4366ADC8CB}.Debug|Any CPU.ActiveCfg = Debug|Any CPU
		{DDE4C9F0-1936-4424-B08D-7F4366ADC8CB}.Debug|Any CPU.Build.0 = Debug|Any CPU
		{DDE4C9F0-1936-4424-B08D-7F4366ADC8CB}.Release|Any CPU.ActiveCfg = Release|Any CPU
		{DDE4C9F0-1936-4424-B08D-7F4366ADC8CB}.Release|Any CPU.Build.0 = Release|Any CPU
	EndGlobalSection
	GlobalSection(SolutionProperties) = preSolution
		HideSolutionNode = FALSE
	EndGlobalSection
	GlobalSection(ExtensibilityGlobals) = postSolution
		SolutionGuid = {F7B177D4-69A4-4362-9069-AF463BD2F761}
	EndGlobalSection
EndGlobal
