
Microsoft Visual Studio Solution File, Format Version 12.00
# Visual Studio 15
VisualStudioVersion = 15.0.28010.2003
MinimumVisualStudioVersion = 10.0.40219.1
Project("{FAE04EC0-301F-11D3-BF4B-00C04F79EFBC}") = "TestBengansBowlinghall", "TestBengansBowlinghall\TestBengansBowlinghall.csproj", "{1DBBEE0B-7263-4C04-BC9F-5D338C2A86EF}"
EndProject
Project("{FAE04EC0-301F-11D3-BF4B-00C04F79EFBC}") = "StrategyPattern", "StrategyPattern\StrategyPattern.csproj", "{0C0B8125-F56E-4027-83FF-CDC80A541920}"
EndProject
Global
	GlobalSection(SolutionConfigurationPlatforms) = preSolution
		Debug|Any CPU = Debug|Any CPU
		Release|Any CPU = Release|Any CPU
	EndGlobalSection
	GlobalSection(ProjectConfigurationPlatforms) = postSolution
		{1DBBEE0B-7263-4C04-BC9F-5D338C2A86EF}.Debug|Any CPU.ActiveCfg = Debug|Any CPU
		{1DBBEE0B-7263-4C04-BC9F-5D338C2A86EF}.Debug|Any CPU.Build.0 = Debug|Any CPU
		{1DBBEE0B-7263-4C04-BC9F-5D338C2A86EF}.Release|Any CPU.ActiveCfg = Release|Any CPU
		{1DBBEE0B-7263-4C04-BC9F-5D338C2A86EF}.Release|Any CPU.Build.0 = Release|Any CPU
		{0C0B8125-F56E-4027-83FF-CDC80A541920}.Debug|Any CPU.ActiveCfg = Debug|Any CPU
		{0C0B8125-F56E-4027-83FF-CDC80A541920}.Debug|Any CPU.Build.0 = Debug|Any CPU
		{0C0B8125-F56E-4027-83FF-CDC80A541920}.Release|Any CPU.ActiveCfg = Release|Any CPU
		{0C0B8125-F56E-4027-83FF-CDC80A541920}.Release|Any CPU.Build.0 = Release|Any CPU
	EndGlobalSection
	GlobalSection(SolutionProperties) = preSolution
		HideSolutionNode = FALSE
	EndGlobalSection
	GlobalSection(ExtensibilityGlobals) = postSolution
		SolutionGuid = {9446B931-08AE-4DDD-90D9-1876C7BC6A47}
	EndGlobalSection
EndGlobal
