
Microsoft Visual Studio Solution File, Format Version 12.00
# Visual Studio 15
VisualStudioVersion = 15.0.26730.10
MinimumVisualStudioVersion = 10.0.40219.1
Project("{FAE04EC0-301F-11D3-BF4B-00C04F79EFBC}") = "Anton_GetSet_Tärning", "Anton_GetSet_Tärning\Anton_GetSet_Tärning.csproj", "{7AD64F54-7D73-4B71-9FA5-0681439E2605}"
EndProject
Global
	GlobalSection(SolutionConfigurationPlatforms) = preSolution
		Debug|Any CPU = Debug|Any CPU
		Release|Any CPU = Release|Any CPU
	EndGlobalSection
	GlobalSection(ProjectConfigurationPlatforms) = postSolution
		{7AD64F54-7D73-4B71-9FA5-0681439E2605}.Debug|Any CPU.ActiveCfg = Debug|Any CPU
		{7AD64F54-7D73-4B71-9FA5-0681439E2605}.Debug|Any CPU.Build.0 = Debug|Any CPU
		{7AD64F54-7D73-4B71-9FA5-0681439E2605}.Release|Any CPU.ActiveCfg = Release|Any CPU
		{7AD64F54-7D73-4B71-9FA5-0681439E2605}.Release|Any CPU.Build.0 = Release|Any CPU
	EndGlobalSection
	GlobalSection(SolutionProperties) = preSolution
		HideSolutionNode = FALSE
	EndGlobalSection
	GlobalSection(ExtensibilityGlobals) = postSolution
		SolutionGuid = {035C5F91-8F80-467F-BE50-61E48576A41D}
	EndGlobalSection
EndGlobal
