
Microsoft Visual Studio Solution File, Format Version 12.00
# Visual Studio 15
VisualStudioVersion = 15.0.28010.2003
MinimumVisualStudioVersion = 10.0.40219.1
Project("{FAE04EC0-301F-11D3-BF4B-00C04F79EFBC}") = "AntonCalulator", "AntonCalulator\AntonCalulator.csproj", "{B545E0E2-FFC8-4139-AD7B-3DA5CBFCF0B8}"
EndProject
Global
	GlobalSection(SolutionConfigurationPlatforms) = preSolution
		Debug|Any CPU = Debug|Any CPU
		Release|Any CPU = Release|Any CPU
	EndGlobalSection
	GlobalSection(ProjectConfigurationPlatforms) = postSolution
		{B545E0E2-FFC8-4139-AD7B-3DA5CBFCF0B8}.Debug|Any CPU.ActiveCfg = Debug|Any CPU
		{B545E0E2-FFC8-4139-AD7B-3DA5CBFCF0B8}.Debug|Any CPU.Build.0 = Debug|Any CPU
		{B545E0E2-FFC8-4139-AD7B-3DA5CBFCF0B8}.Release|Any CPU.ActiveCfg = Release|Any CPU
		{B545E0E2-FFC8-4139-AD7B-3DA5CBFCF0B8}.Release|Any CPU.Build.0 = Release|Any CPU
	EndGlobalSection
	GlobalSection(SolutionProperties) = preSolution
		HideSolutionNode = FALSE
	EndGlobalSection
	GlobalSection(ExtensibilityGlobals) = postSolution
		SolutionGuid = {99947D2C-E592-41B0-B35E-B8783F96C28F}
	EndGlobalSection
EndGlobal
