
Microsoft Visual Studio Solution File, Format Version 9.00
# Visual C# Express 2005
Project("{FAE04EC0-301F-11D3-BF4B-00C04F79EFBC}") = "Ex9-1", "Ex9-1\Ex9-1.csproj", "{C9A43548-A57B-48B4-AB51-D67494E9DABD}"
EndProject
Global
	GlobalSection(SolutionConfigurationPlatforms) = preSolution
		Debug|Any CPU = Debug|Any CPU
		Release|Any CPU = Release|Any CPU
	EndGlobalSection
	GlobalSection(ProjectConfigurationPlatforms) = postSolution
		{C9A43548-A57B-48B4-AB51-D67494E9DABD}.Debug|Any CPU.ActiveCfg = Debug|Any CPU
		{C9A43548-A57B-48B4-AB51-D67494E9DABD}.Debug|Any CPU.Build.0 = Debug|Any CPU
		{C9A43548-A57B-48B4-AB51-D67494E9DABD}.Release|Any CPU.ActiveCfg = Release|Any CPU
		{C9A43548-A57B-48B4-AB51-D67494E9DABD}.Release|Any CPU.Build.0 = Release|Any CPU
	EndGlobalSection
	GlobalSection(SolutionProperties) = preSolution
		HideSolutionNode = FALSE
	EndGlobalSection
EndGlobal
