
Microsoft Visual Studio Solution File, Format Version 12.00
# Visual Studio 15
VisualStudioVersion = 15.0.26730.10
MinimumVisualStudioVersion = 10.0.40219.1
Project("{FAE04EC0-301F-11D3-BF4B-00C04F79EFBC}") = "Omtenta8_Städer", "Omtenta8_Städer\Omtenta8_Städer.csproj", "{620462B7-25D0-45F9-B7EF-CD8EB0E172A6}"
EndProject
Global
	GlobalSection(SolutionConfigurationPlatforms) = preSolution
		Debug|Any CPU = Debug|Any CPU
		Release|Any CPU = Release|Any CPU
	EndGlobalSection
	GlobalSection(ProjectConfigurationPlatforms) = postSolution
		{620462B7-25D0-45F9-B7EF-CD8EB0E172A6}.Debug|Any CPU.ActiveCfg = Debug|Any CPU
		{620462B7-25D0-45F9-B7EF-CD8EB0E172A6}.Debug|Any CPU.Build.0 = Debug|Any CPU
		{620462B7-25D0-45F9-B7EF-CD8EB0E172A6}.Release|Any CPU.ActiveCfg = Release|Any CPU
		{620462B7-25D0-45F9-B7EF-CD8EB0E172A6}.Release|Any CPU.Build.0 = Release|Any CPU
	EndGlobalSection
	GlobalSection(SolutionProperties) = preSolution
		HideSolutionNode = FALSE
	EndGlobalSection
	GlobalSection(ExtensibilityGlobals) = postSolution
		SolutionGuid = {0398BBE1-3CFD-4CE5-B134-4152FE0E6EC2}
	EndGlobalSection
EndGlobal
