
Microsoft Visual Studio Solution File, Format Version 12.00
# Visual Studio 15
VisualStudioVersion = 15.0.27130.2010
MinimumVisualStudioVersion = 10.0.40219.1
Project("{FAE04EC0-301F-11D3-BF4B-00C04F79EFBC}") = "OliviaDemoASPNETEntityFramework", "OliviaDemoASPNETEntityFramework\OliviaDemoASPNETEntityFramework.csproj", "{C51209EB-AC75-48AD-8857-EBDE2AF7ABC6}"
EndProject
Global
	GlobalSection(SolutionConfigurationPlatforms) = preSolution
		Debug|Any CPU = Debug|Any CPU
		Release|Any CPU = Release|Any CPU
	EndGlobalSection
	GlobalSection(ProjectConfigurationPlatforms) = postSolution
		{C51209EB-AC75-48AD-8857-EBDE2AF7ABC6}.Debug|Any CPU.ActiveCfg = Debug|Any CPU
		{C51209EB-AC75-48AD-8857-EBDE2AF7ABC6}.Debug|Any CPU.Build.0 = Debug|Any CPU
		{C51209EB-AC75-48AD-8857-EBDE2AF7ABC6}.Release|Any CPU.ActiveCfg = Release|Any CPU
		{C51209EB-AC75-48AD-8857-EBDE2AF7ABC6}.Release|Any CPU.Build.0 = Release|Any CPU
	EndGlobalSection
	GlobalSection(SolutionProperties) = preSolution
		HideSolutionNode = FALSE
	EndGlobalSection
	GlobalSection(ExtensibilityGlobals) = postSolution
		SolutionGuid = {2CFA35A5-1424-4B42-9D10-A4C32FF2EC8F}
	EndGlobalSection
EndGlobal
