
Microsoft Visual Studio Solution File, Format Version 12.00
# Visual Studio 15
VisualStudioVersion = 15.0.28010.2003
MinimumVisualStudioVersion = 10.0.40219.1
Project("{FAE04EC0-301F-11D3-BF4B-00C04F79EFBC}") = "HängaGubbe2018", "HängaGubbe2018\HängaGubbe2018.csproj", "{4B4AF089-5BFA-432D-BEEE-D69ECA573BB8}"
EndProject
Global
	GlobalSection(SolutionConfigurationPlatforms) = preSolution
		Debug|Any CPU = Debug|Any CPU
		Release|Any CPU = Release|Any CPU
	EndGlobalSection
	GlobalSection(ProjectConfigurationPlatforms) = postSolution
		{4B4AF089-5BFA-432D-BEEE-D69ECA573BB8}.Debug|Any CPU.ActiveCfg = Debug|Any CPU
		{4B4AF089-5BFA-432D-BEEE-D69ECA573BB8}.Debug|Any CPU.Build.0 = Debug|Any CPU
		{4B4AF089-5BFA-432D-BEEE-D69ECA573BB8}.Release|Any CPU.ActiveCfg = Release|Any CPU
		{4B4AF089-5BFA-432D-BEEE-D69ECA573BB8}.Release|Any CPU.Build.0 = Release|Any CPU
	EndGlobalSection
	GlobalSection(SolutionProperties) = preSolution
		HideSolutionNode = FALSE
	EndGlobalSection
	GlobalSection(ExtensibilityGlobals) = postSolution
		SolutionGuid = {0666BAE7-33C3-4877-A97A-DB653F57A58B}
	EndGlobalSection
EndGlobal
